{
  "name": "new",
  "version": "1.0.0",
  "lockfileVersion": 3,
  "requires": true,
  "packages": {
    "": {
      "name": "new",
      "version": "1.0.0",
      "license": "ISC",
      "dependencies": {
        "all": "^0.0.0",
        "run": "^1.4.0",
        "run-all": "^1.0.1"
      }
    },
    "node_modules/all": {
      "version": "0.0.0",
      "resolved": "https://registry.npmjs.org/all/-/all-0.0.0.tgz",
      "integrity": "sha512-0oKlfNVv2d+d7c1gwjGspzgbwot47PGQ4b3v1ccx4mR8l9P/Y6E6Dr/yE8lNT63EcAKEbHo6UG3odDpC/NQcKw=="
    },
    "node_modules/balanced-match": {
      "version": "1.0.2",
      "resolved": "https://registry.npmjs.org/balanced-match/-/balanced-match-1.0.2.tgz",
      "integrity": "sha512-3oSeUO0TMV67hN1AmbXsK4yaqU7tjiHlbxRDZOpH0KW9+CeX4bRAaX0Anxt0tx2MrpRpWwQaPwIlISEJhYU5Pw=="
    },
    "node_modules/brace-expansion": {
      "version": "2.0.1",
      "resolved": "https://registry.npmjs.org/brace-expansion/-/brace-expansion-2.0.1.tgz",
      "integrity": "sha512-XnAIvQ8eM+kC6aULx6wuQiwVsnzsi9d3WxzV3FpWTGA19F621kwdbsAcFKXgKUHZWsy+mY6iL1sHTxWEFCytDA==",
      "dependencies": {
        "balanced-match": "^1.0.0"
      }
    },
    "node_modules/minimatch": {
      "version": "9.0.3",
      "resolved": "https://registry.npmjs.org/minimatch/-/minimatch-9.0.3.tgz",
      "integrity": "sha512-RHiac9mvaRw0x3AYRgDC1CxAP7HTcNrrECeA8YYJeWnpo+2Q5CegtZjaotWTWxDG3UeGA1coE05iH1mPjT/2mg==",
      "dependencies": {
        "brace-expansion": "^2.0.1"
      },
      "engines": {
        "node": ">=16 || 14 >=14.17"
      },
      "funding": {
        "url": "https://github.com/sponsors/isaacs"
      }
    },
    "node_modules/run": {
      "version": "1.4.0",
      "resolved": "https://registry.npmjs.org/run/-/run-1.4.0.tgz",
      "integrity": "sha512-962oBW07IjQ9SizyMHdoteVbDKt/e2nEsnTRZ0WjK/zs+jfQQICqH0qj0D5lqZNuy0JkbzfA6IOqw0Sk7C3DlQ==",
      "dependencies": {
        "minimatch": "*"
      },
      "bin": {
        "runjs": "cli.js"
      },
      "engines": {
        "node": ">=v0.9.0"
      }
    },
    "node_modules/run-all": {
      "version": "1.0.1",
      "resolved": "https://registry.npmjs.org/run-all/-/run-all-1.0.1.tgz",
      "integrity": "sha512-5c1Mh6SoH9k/bhVmEiZdrs/d64pEwtlwvOenl/O7+mAgCG39C0LIM4tPje3d1eMn9Bh/F4mUZZipMaF3Ie92qg==",
      "bin": {
        "run-all": "lib/command.js"
      }
    }
  }
}
